// !$*UTF8*$!
{
	archiveVersion = 1;
	classes = {
	};
	objectVersion = 77;
	objects = {

/* Begin PBXBuildFile section */
		613F03C62E4B8A4200F90E90 /* AppIcon.icon in Resources */ = {isa = PBXBuildFile; fileRef = 613F03C52E4B8A4200F90E90 /* AppIcon.icon */; };
		E62738DF2E3846110050A3A8 /* ConnectorAPI in Frameworks */ = {isa = PBXBuildFile; productRef = E62738DE2E3846110050A3A8 /* ConnectorAPI */; };
		E699EBAB2E2ED5D60005A499 /* Apollo in Frameworks */ = {isa = PBXBuildFile; productRef = E699EBAA2E2ED5D60005A499 /* Apollo */; };
		E699EBAD2E2ED5D60005A499 /* ApolloSQLite in Frameworks */ = {isa = PBXBuildFile; productRef = E699EBAC2E2ED5D60005A499 /* ApolloSQLite */; };
		E699EBAF2E2ED5D60005A499 /* ApolloTestSupport in Frameworks */ = {isa = PBXBuildFile; productRef = E699EBAE2E2ED5D60005A499 /* ApolloTestSupport */; };
/* End PBXBuildFile section */

/* Begin PBXContainerItemProxy section */
		E699EB8D2E2ED0570005A499 /* PBXContainerItemProxy */ = {
			isa = PBXContainerItemProxy;
			containerPortal = E699EB772E2ED0550005A499 /* Project object */;
			proxyType = 1;
			remoteGlobalIDString = E699EB7E2E2ED0550005A499;
			remoteInfo = GraphQLConf;
		};
		E699EB972E2ED0570005A499 /* PBXContainerItemProxy */ = {
			isa = PBXContainerItemProxy;
			containerPortal = E699EB772E2ED0550005A499 /* Project object */;
			proxyType = 1;
			remoteGlobalIDString = E699EB7E2E2ED0550005A499;
			remoteInfo = GraphQLConf;
		};
/* End PBXContainerItemProxy section */

/* Begin PBXFileReference section */
		613F03C52E4B8A4200F90E90 /* AppIcon.icon */ = {isa = PBXFileReference; lastKnownFileType = folder.iconcomposer.icon; path = AppIcon.icon; sourceTree = "<group>"; };
		E699EB7F2E2ED0550005A499 /* GraphQLConf.app */ = {isa = PBXFileReference; explicitFileType = wrapper.application; includeInIndex = 0; path = GraphQLConf.app; sourceTree = BUILT_PRODUCTS_DIR; };
		E699EB8C2E2ED0570005A499 /* GraphQLConfTests.xctest */ = {isa = PBXFileReference; explicitFileType = wrapper.cfbundle; includeInIndex = 0; path = GraphQLConfTests.xctest; sourceTree = BUILT_PRODUCTS_DIR; };
		E699EB962E2ED0570005A499 /* GraphQLConfUITests.xctest */ = {isa = PBXFileReference; explicitFileType = wrapper.cfbundle; includeInIndex = 0; path = GraphQLConfUITests.xctest; sourceTree = BUILT_PRODUCTS_DIR; };
		E69D9E012E416B57005A5E3B /* apollo-codegen-config.json */ = {isa = PBXFileReference; lastKnownFileType = text.json; path = "apollo-codegen-config.json"; sourceTree = "<group>"; };
		E69D9E022E416B57005A5E3B /* operations.graphql */ = {isa = PBXFileReference; lastKnownFileType = text; path = operations.graphql; sourceTree = "<group>"; };
		E69D9E032E416B57005A5E3B /* schema.graphqls */ = {isa = PBXFileReference; lastKnownFileType = text; path = schema.graphqls; sourceTree = "<group>"; };
/* End PBXFileReference section */

/* Begin PBXFileSystemSynchronizedBuildFileExceptionSet section */
		E6BDF9A22E3C336F00F6637D /* Exceptions for "Fonts" folder in "GraphQLConf" target */ = {
			isa = PBXFileSystemSynchronizedBuildFileExceptionSet;
			membershipExceptions = (
				"HostGrotesk-OFL.txt",
			);
			target = E699EB7E2E2ED0550005A499 /* GraphQLConf */;
		};
		E6BDF9A42E3C33E700F6637D /* Exceptions for "GraphQLConf" folder in "GraphQLConf" target */ = {
			isa = PBXFileSystemSynchronizedBuildFileExceptionSet;
			membershipExceptions = (
				Info.plist,
			);
			target = E699EB7E2E2ED0550005A499 /* GraphQLConf */;
		};
/* End PBXFileSystemSynchronizedBuildFileExceptionSet section */

/* Begin PBXFileSystemSynchronizedRootGroup section */
		E699EB812E2ED0550005A499 /* GraphQLConf */ = {
			isa = PBXFileSystemSynchronizedRootGroup;
			exceptions = (
				E6BDF9A42E3C33E700F6637D /* Exceptions for "GraphQLConf" folder in "GraphQLConf" target */,
			);
			path = GraphQLConf;
			sourceTree = "<group>";
		};
		E699EB8F2E2ED0570005A499 /* GraphQLConfTests */ = {
			isa = PBXFileSystemSynchronizedRootGroup;
			path = GraphQLConfTests;
			sourceTree = "<group>";
		};
		E699EB992E2ED0570005A499 /* GraphQLConfUITests */ = {
			isa = PBXFileSystemSynchronizedRootGroup;
			path = GraphQLConfUITests;
			sourceTree = "<group>";
		};
		E6BDF99E2E3C331000F6637D /* Fonts */ = {
			isa = PBXFileSystemSynchronizedRootGroup;
			exceptions = (
				E6BDF9A22E3C336F00F6637D /* Exceptions for "Fonts" folder in "GraphQLConf" target */,
			);
			path = Fonts;
			sourceTree = "<group>";
		};
/* End PBXFileSystemSynchronizedRootGroup section */

/* Begin PBXFrameworksBuildPhase section */
		E699EB7C2E2ED0550005A499 /* Frameworks */ = {
			isa = PBXFrameworksBuildPhase;
			buildActionMask = 2147483647;
			files = (
				E62738DF2E3846110050A3A8 /* ConnectorAPI in Frameworks */,
				E699EBAB2E2ED5D60005A499 /* Apollo in Frameworks */,
				E699EBAD2E2ED5D60005A499 /* ApolloSQLite in Frameworks */,
			);
			runOnlyForDeploymentPostprocessing = 0;
		};
		E699EB892E2ED0570005A499 /* Frameworks */ = {
			isa = PBXFrameworksBuildPhase;
			buildActionMask = 2147483647;
			files = (
				E699EBAF2E2ED5D60005A499 /* ApolloTestSupport in Frameworks */,
			);
			runOnlyForDeploymentPostprocessing = 0;
		};
		E699EB932E2ED0570005A499 /* Frameworks */ = {
			isa = PBXFrameworksBuildPhase;
			buildActionMask = 2147483647;
			files = (
			);
			runOnlyForDeploymentPostprocessing = 0;
		};
/* End PBXFrameworksBuildPhase section */

/* Begin PBXGroup section */
		E699EB762E2ED0550005A499 = {
			isa = PBXGroup;
			children = (
				613F03C52E4B8A4200F90E90 /* AppIcon.icon */,
				E69D9E012E416B57005A5E3B /* apollo-codegen-config.json */,
				E69D9E022E416B57005A5E3B /* operations.graphql */,
				E69D9E032E416B57005A5E3B /* schema.graphqls */,
				E6BDF99E2E3C331000F6637D /* Fonts */,
				E699EB812E2ED0550005A499 /* GraphQLConf */,
				E699EB8F2E2ED0570005A499 /* GraphQLConfTests */,
				E699EB992E2ED0570005A499 /* GraphQLConfUITests */,
				E699EB802E2ED0550005A499 /* Products */,
			);
			sourceTree = "<group>";
		};
		E699EB802E2ED0550005A499 /* Products */ = {
			isa = PBXGroup;
			children = (
				E699EB7F2E2ED0550005A499 /* GraphQLConf.app */,
				E699EB8C2E2ED0570005A499 /* GraphQLConfTests.xctest */,
				E699EB962E2ED0570005A499 /* GraphQLConfUITests.xctest */,
			);
			name = Products;
			sourceTree = "<group>";
		};
/* End PBXGroup section */

/* Begin PBXNativeTarget section */
		E699EB7E2E2ED0550005A499 /* GraphQLConf */ = {
			isa = PBXNativeTarget;
			buildConfigurationList = E699EBA02E2ED0570005A499 /* Build configuration list for PBXNativeTarget "GraphQLConf" */;
			buildPhases = (
				E699EB7B2E2ED0550005A499 /* Sources */,
				E699EB7C2E2ED0550005A499 /* Frameworks */,
				E699EB7D2E2ED0550005A499 /* Resources */,
			);
			buildRules = (
			);
			dependencies = (
			);
			fileSystemSynchronizedGroups = (
				E699EB812E2ED0550005A499 /* GraphQLConf */,
				E6BDF99E2E3C331000F6637D /* Fonts */,
			);
			name = GraphQLConf;
			packageProductDependencies = (
				E699EBAA2E2ED5D60005A499 /* Apollo */,
				E699EBAC2E2ED5D60005A499 /* ApolloSQLite */,
				E62738DE2E3846110050A3A8 /* ConnectorAPI */,
			);
			productName = GraphQLConf;
			productReference = E699EB7F2E2ED0550005A499 /* GraphQLConf.app */;
			productType = "com.apple.product-type.application";
		};
		E699EB8B2E2ED0570005A499 /* GraphQLConfTests */ = {
			isa = PBXNativeTarget;
			buildConfigurationList = E699EBA32E2ED0570005A499 /* Build configuration list for PBXNativeTarget "GraphQLConfTests" */;
			buildPhases = (
				E699EB882E2ED0570005A499 /* Sources */,
				E699EB892E2ED0570005A499 /* Frameworks */,
				E699EB8A2E2ED0570005A499 /* Resources */,
			);
			buildRules = (
			);
			dependencies = (
				E699EB8E2E2ED0570005A499 /* PBXTargetDependency */,
			);
			fileSystemSynchronizedGroups = (
				E699EB8F2E2ED0570005A499 /* GraphQLConfTests */,
			);
			name = GraphQLConfTests;
			packageProductDependencies = (
				E699EBAE2E2ED5D60005A499 /* ApolloTestSupport */,
			);
			productName = GraphQLConfTests;
			productReference = E699EB8C2E2ED0570005A499 /* GraphQLConfTests.xctest */;
			productType = "com.apple.product-type.bundle.unit-test";
		};
		E699EB952E2ED0570005A499 /* GraphQLConfUITests */ = {
			isa = PBXNativeTarget;
			buildConfigurationList = E699EBA62E2ED0570005A499 /* Build configuration list for PBXNativeTarget "GraphQLConfUITests" */;
			buildPhases = (
				E699EB922E2ED0570005A499 /* Sources */,
				E699EB932E2ED0570005A499 /* Frameworks */,
				E699EB942E2ED0570005A499 /* Resources */,
			);
			buildRules = (
			);
			dependencies = (
				E699EB982E2ED0570005A499 /* PBXTargetDependency */,
			);
			fileSystemSynchronizedGroups = (
				E699EB992E2ED0570005A499 /* GraphQLConfUITests */,
			);
			name = GraphQLConfUITests;
			packageProductDependencies = (
			);
			productName = GraphQLConfUITests;
			productReference = E699EB962E2ED0570005A499 /* GraphQLConfUITests.xctest */;
			productType = "com.apple.product-type.bundle.ui-testing";
		};
/* End PBXNativeTarget section */

/* Begin PBXProject section */
		E699EB772E2ED0550005A499 /* Project object */ = {
			isa = PBXProject;
			attributes = {
				BuildIndependentTargetsInParallel = 1;
				LastSwiftUpdateCheck = 1640;
				LastUpgradeCheck = 1640;
				TargetAttributes = {
					E699EB7E2E2ED0550005A499 = {
						CreatedOnToolsVersion = 16.4;
					};
					E699EB8B2E2ED0570005A499 = {
						CreatedOnToolsVersion = 16.4;
						TestTargetID = E699EB7E2E2ED0550005A499;
					};
					E699EB952E2ED0570005A499 = {
						CreatedOnToolsVersion = 16.4;
						TestTargetID = E699EB7E2E2ED0550005A499;
					};
				};
			};
			buildConfigurationList = E699EB7A2E2ED0550005A499 /* Build configuration list for PBXProject "GraphQLConf" */;
			developmentRegion = en;
			hasScannedForEncodings = 0;
			knownRegions = (
				en,
				Base,
			);
			mainGroup = E699EB762E2ED0550005A499;
			minimizedProjectReferenceProxies = 1;
			packageReferences = (
				E699EBA92E2ED5D60005A499 /* XCRemoteSwiftPackageReference "apollo-ios" */,
				E62738DD2E3846110050A3A8 /* XCLocalSwiftPackageReference "ConnectorAPI" */,
			);
			preferredProjectObjectVersion = 77;
			productRefGroup = E699EB802E2ED0550005A499 /* Products */;
			projectDirPath = "";
			projectRoot = "";
			targets = (
				E699EB7E2E2ED0550005A499 /* GraphQLConf */,
				E699EB8B2E2ED0570005A499 /* GraphQLConfTests */,
				E699EB952E2ED0570005A499 /* GraphQLConfUITests */,
			);
		};
/* End PBXProject section */

/* Begin PBXResourcesBuildPhase section */
		E699EB7D2E2ED0550005A499 /* Resources */ = {
			isa = PBXResourcesBuildPhase;
			buildActionMask = 2147483647;
			files = (
				613F03C62E4B8A4200F90E90 /* AppIcon.icon in Resources */,
			);
			runOnlyForDeploymentPostprocessing = 0;
		};
		E699EB8A2E2ED0570005A499 /* Resources */ = {
			isa = PBXResourcesBuildPhase;
			buildActionMask = 2147483647;
			files = (
			);
			runOnlyForDeploymentPostprocessing = 0;
		};
		E699EB942E2ED0570005A499 /* Resources */ = {
			isa = PBXResourcesBuildPhase;
			buildActionMask = 2147483647;
			files = (
			);
			runOnlyForDeploymentPostprocessing = 0;
		};
/* End PBXResourcesBuildPhase section */

/* Begin PBXSourcesBuildPhase section */
		E699EB7B2E2ED0550005A499 /* Sources */ = {
			isa = PBXSourcesBuildPhase;
			buildActionMask = 2147483647;
			files = (
			);
			runOnlyForDeploymentPostprocessing = 0;
		};
		E699EB882E2ED0570005A499 /* Sources */ = {
			isa = PBXSourcesBuildPhase;
			buildActionMask = 2147483647;
			files = (
			);
			runOnlyForDeploymentPostprocessing = 0;
		};
		E699EB922E2ED0570005A499 /* Sources */ = {
			isa = PBXSourcesBuildPhase;
			buildActionMask = 2147483647;
			files = (
			);
			runOnlyForDeploymentPostprocessing = 0;
		};
/* End PBXSourcesBuildPhase section */

/* Begin PBXTargetDependency section */
		E699EB8E2E2ED0570005A499 /* PBXTargetDependency */ = {
			isa = PBXTargetDependency;
			target = E699EB7E2E2ED0550005A499 /* GraphQLConf */;
			targetProxy = E699EB8D2E2ED0570005A499 /* PBXContainerItemProxy */;
		};
		E699EB982E2ED0570005A499 /* PBXTargetDependency */ = {
			isa = PBXTargetDependency;
			target = E699EB7E2E2ED0550005A499 /* GraphQLConf */;
			targetProxy = E699EB972E2ED0570005A499 /* PBXContainerItemProxy */;
		};
/* End PBXTargetDependency section */

/* Begin XCBuildConfiguration section */
		E699EB9E2E2ED0570005A499 /* Debug */ = {
			isa = XCBuildConfiguration;
			buildSettings = {
				ALWAYS_SEARCH_USER_PATHS = NO;
				ASSETCATALOG_COMPILER_GENERATE_SWIFT_ASSET_SYMBOL_EXTENSIONS = YES;
				CLANG_ANALYZER_NONNULL = YES;
				CLANG_ANALYZER_NUMBER_OBJECT_CONVERSION = YES_AGGRESSIVE;
				CLANG_CXX_LANGUAGE_STANDARD = "gnu++20";
				CLANG_ENABLE_MODULES = YES;
				CLANG_ENABLE_OBJC_ARC = YES;
				CLANG_ENABLE_OBJC_WEAK = YES;
				CLANG_WARN_BLOCK_CAPTURE_AUTORELEASING = YES;
				CLANG_WARN_BOOL_CONVERSION = YES;
				CLANG_WARN_COMMA = YES;
				CLANG_WARN_CONSTANT_CONVERSION = YES;
				CLANG_WARN_DEPRECATED_OBJC_IMPLEMENTATIONS = YES;
				CLANG_WARN_DIRECT_OBJC_ISA_USAGE = YES_ERROR;
				CLANG_WARN_DOCUMENTATION_COMMENTS = YES;
				CLANG_WARN_EMPTY_BODY = YES;
				CLANG_WARN_ENUM_CONVERSION = YES;
				CLANG_WARN_INFINITE_RECURSION = YES;
				CLANG_WARN_INT_CONVERSION = YES;
				CLANG_WARN_NON_LITERAL_NULL_CONVERSION = YES;
				CLANG_WARN_OBJC_IMPLICIT_RETAIN_SELF = YES;
				CLANG_WARN_OBJC_LITERAL_CONVERSION = YES;
				CLANG_WARN_OBJC_ROOT_CLASS = YES_ERROR;
				CLANG_WARN_QUOTED_INCLUDE_IN_FRAMEWORK_HEADER = YES;
				CLANG_WARN_RANGE_LOOP_ANALYSIS = YES;
				CLANG_WARN_STRICT_PROTOTYPES = YES;
				CLANG_WARN_SUSPICIOUS_MOVE = YES;
				CLANG_WARN_UNGUARDED_AVAILABILITY = YES_AGGRESSIVE;
				CLANG_WARN_UNREACHABLE_CODE = YES;
				CLANG_WARN__DUPLICATE_METHOD_MATCH = YES;
				COPY_PHASE_STRIP = NO;
				DEBUG_INFORMATION_FORMAT = dwarf;
				ENABLE_STRICT_OBJC_MSGSEND = YES;
				ENABLE_TESTABILITY = YES;
				ENABLE_USER_SCRIPT_SANDBOXING = YES;
				GCC_C_LANGUAGE_STANDARD = gnu17;
				GCC_DYNAMIC_NO_PIC = NO;
				GCC_NO_COMMON_BLOCKS = YES;
				GCC_OPTIMIZATION_LEVEL = 0;
				GCC_PREPROCESSOR_DEFINITIONS = (
					"DEBUG=1",
					"$(inherited)",
				);
				GCC_WARN_64_TO_32_BIT_CONVERSION = YES;
				GCC_WARN_ABOUT_RETURN_TYPE = YES_ERROR;
				GCC_WARN_UNDECLARED_SELECTOR = YES;
				GCC_WARN_UNINITIALIZED_AUTOS = YES_AGGRESSIVE;
				GCC_WARN_UNUSED_FUNCTION = YES;
				GCC_WARN_UNUSED_VARIABLE = YES;
				IPHONEOS_DEPLOYMENT_TARGET = 18.5;
				LOCALIZATION_PREFERS_STRING_CATALOGS = YES;
				MTL_ENABLE_DEBUG_INFO = INCLUDE_SOURCE;
				MTL_FAST_MATH = YES;
				ONLY_ACTIVE_ARCH = YES;
				SDKROOT = iphoneos;
				SWIFT_ACTIVE_COMPILATION_CONDITIONS = "DEBUG $(inherited)";
				SWIFT_OPTIMIZATION_LEVEL = "-Onone";
			};
			name = Debug;
		};
		E699EB9F2E2ED0570005A499 /* Release */ = {
			isa = XCBuildConfiguration;
			buildSettings = {
				ALWAYS_SEARCH_USER_PATHS = NO;
				ASSETCATALOG_COMPILER_GENERATE_SWIFT_ASSET_SYMBOL_EXTENSIONS = YES;
				CLANG_ANALYZER_NONNULL = YES;
				CLANG_ANALYZER_NUMBER_OBJECT_CONVERSION = YES_AGGRESSIVE;
				CLANG_CXX_LANGUAGE_STANDARD = "gnu++20";
				CLANG_ENABLE_MODULES = YES;
				CLANG_ENABLE_OBJC_ARC = YES;
				CLANG_ENABLE_OBJC_WEAK = YES;
				CLANG_WARN_BLOCK_CAPTURE_AUTORELEASING = YES;
				CLANG_WARN_BOOL_CONVERSION = YES;
				CLANG_WARN_COMMA = YES;
				CLANG_WARN_CONSTANT_CONVERSION = YES;
				CLANG_WARN_DEPRECATED_OBJC_IMPLEMENTATIONS = YES;
				CLANG_WARN_DIRECT_OBJC_ISA_USAGE = YES_ERROR;
				CLANG_WARN_DOCUMENTATION_COMMENTS = YES;
				CLANG_WARN_EMPTY_BODY = YES;
				CLANG_WARN_ENUM_CONVERSION = YES;
				CLANG_WARN_INFINITE_RECURSION = YES;
				CLANG_WARN_INT_CONVERSION = YES;
				CLANG_WARN_NON_LITERAL_NULL_CONVERSION = YES;
				CLANG_WARN_OBJC_IMPLICIT_RETAIN_SELF = YES;
				CLANG_WARN_OBJC_LITERAL_CONVERSION = YES;
				CLANG_WARN_OBJC_ROOT_CLASS = YES_ERROR;
				CLANG_WARN_QUOTED_INCLUDE_IN_FRAMEWORK_HEADER = YES;
				CLANG_WARN_RANGE_LOOP_ANALYSIS = YES;
				CLANG_WARN_STRICT_PROTOTYPES = YES;
				CLANG_WARN_SUSPICIOUS_MOVE = YES;
				CLANG_WARN_UNGUARDED_AVAILABILITY = YES_AGGRESSIVE;
				CLANG_WARN_UNREACHABLE_CODE = YES;
				CLANG_WARN__DUPLICATE_METHOD_MATCH = YES;
				COPY_PHASE_STRIP = NO;
				DEBUG_INFORMATION_FORMAT = "dwarf-with-dsym";
				ENABLE_NS_ASSERTIONS = NO;
				ENABLE_STRICT_OBJC_MSGSEND = YES;
				ENABLE_USER_SCRIPT_SANDBOXING = YES;
				GCC_C_LANGUAGE_STANDARD = gnu17;
				GCC_NO_COMMON_BLOCKS = YES;
				GCC_WARN_64_TO_32_BIT_CONVERSION = YES;
				GCC_WARN_ABOUT_RETURN_TYPE = YES_ERROR;
				GCC_WARN_UNDECLARED_SELECTOR = YES;
				GCC_WARN_UNINITIALIZED_AUTOS = YES_AGGRESSIVE;
				GCC_WARN_UNUSED_FUNCTION = YES;
				GCC_WARN_UNUSED_VARIABLE = YES;
				IPHONEOS_DEPLOYMENT_TARGET = 18.5;
				LOCALIZATION_PREFERS_STRING_CATALOGS = YES;
				MTL_ENABLE_DEBUG_INFO = NO;
				MTL_FAST_MATH = YES;
				SDKROOT = iphoneos;
				SWIFT_COMPILATION_MODE = wholemodule;
				VALIDATE_PRODUCT = YES;
			};
			name = Release;
		};
		E699EBA12E2ED0570005A499 /* Debug */ = {
			isa = XCBuildConfiguration;
			buildSettings = {
				ASSETCATALOG_COMPILER_APPICON_NAME = AppIcon;
				ASSETCATALOG_COMPILER_GLOBAL_ACCENT_COLOR_NAME = AccentColor;
				CODE_SIGN_IDENTITY = "Apple Development";
				CODE_SIGN_STYLE = Automatic;
				CURRENT_PROJECT_VERSION = 2;
				DEVELOPMENT_TEAM = YQK948L752;
				ENABLE_PREVIEWS = YES;
				GENERATE_INFOPLIST_FILE = YES;
				INFOPLIST_FILE = GraphQLConf/Info.plist;
				INFOPLIST_KEY_LSApplicationCategoryType = "public.app-category.business";
				INFOPLIST_KEY_UIApplicationSceneManifest_Generation = YES;
				INFOPLIST_KEY_UIApplicationSupportsIndirectInputEvents = YES;
				INFOPLIST_KEY_UILaunchScreen_Generation = YES;
				INFOPLIST_KEY_UISupportedInterfaceOrientations_iPad = "UIInterfaceOrientationPortrait UIInterfaceOrientationPortraitUpsideDown UIInterfaceOrientationLandscapeLeft UIInterfaceOrientationLandscapeRight";
				INFOPLIST_KEY_UISupportedInterfaceOrientations_iPhone = "UIInterfaceOrientationPortrait UIInterfaceOrientationLandscapeLeft UIInterfaceOrientationLandscapeRight";
				IPHONEOS_DEPLOYMENT_TARGET = 17.6;
				LD_RUNPATH_SEARCH_PATHS = (
					"$(inherited)",
					"@executable_path/Frameworks",
				);
				MARKETING_VERSION = 1.0;
				PRODUCT_BUNDLE_IDENTIFIER = com.apollographql.GraphQLConf;
				PRODUCT_NAME = "$(TARGET_NAME)";
				PROVISIONING_PROFILE_SPECIFIER = "";
				SUPPORTED_PLATFORMS = "iphoneos iphonesimulator";
				SUPPORTS_MACCATALYST = NO;
				SUPPORTS_MAC_DESIGNED_FOR_IPHONE_IPAD = NO;
				SUPPORTS_XR_DESIGNED_FOR_IPHONE_IPAD = NO;
				SWIFT_COMPILATION_MODE = singlefile;
				SWIFT_EMIT_LOC_STRINGS = YES;
				SWIFT_OPTIMIZATION_LEVEL = "-Onone";
				SWIFT_VERSION = 5.0;
				TARGETED_DEVICE_FAMILY = "1,2";
			};
			name = Debug;
		};
		E699EBA22E2ED0570005A499 /* Release */ = {
			isa = XCBuildConfiguration;
			buildSettings = {
				ASSETCATALOG_COMPILER_APPICON_NAME = AppIcon;
				ASSETCATALOG_COMPILER_GLOBAL_ACCENT_COLOR_NAME = AccentColor;
				CODE_SIGN_IDENTITY = "Apple Development";
				CODE_SIGN_STYLE = Automatic;
				CURRENT_PROJECT_VERSION = 2;
				DEVELOPMENT_TEAM = YQK948L752;
				ENABLE_PREVIEWS = YES;
				GENERATE_INFOPLIST_FILE = YES;
				INFOPLIST_FILE = GraphQLConf/Info.plist;
				INFOPLIST_KEY_LSApplicationCategoryType = "public.app-category.business";
				INFOPLIST_KEY_UIApplicationSceneManifest_Generation = YES;
				INFOPLIST_KEY_UIApplicationSupportsIndirectInputEvents = YES;
				INFOPLIST_KEY_UILaunchScreen_Generation = YES;
				INFOPLIST_KEY_UISupportedInterfaceOrientations_iPad = "UIInterfaceOrientationPortrait UIInterfaceOrientationPortraitUpsideDown UIInterfaceOrientationLandscapeLeft UIInterfaceOrientationLandscapeRight";
				INFOPLIST_KEY_UISupportedInterfaceOrientations_iPhone = "UIInterfaceOrientationPortrait UIInterfaceOrientationLandscapeLeft UIInterfaceOrientationLandscapeRight";
				IPHONEOS_DEPLOYMENT_TARGET = 17.6;
				LD_RUNPATH_SEARCH_PATHS = (
					"$(inherited)",
					"@executable_path/Frameworks",
				);
				MARKETING_VERSION = 1.0;
				PRODUCT_BUNDLE_IDENTIFIER = com.apollographql.GraphQLConf;
				PRODUCT_NAME = "$(TARGET_NAME)";
				PROVISIONING_PROFILE_SPECIFIER = "";
				SUPPORTED_PLATFORMS = "iphoneos iphonesimulator";
				SUPPORTS_MACCATALYST = NO;
				SUPPORTS_MAC_DESIGNED_FOR_IPHONE_IPAD = NO;
				SUPPORTS_XR_DESIGNED_FOR_IPHONE_IPAD = NO;
				SWIFT_COMPILATION_MODE = singlefile;
				SWIFT_EMIT_LOC_STRINGS = YES;
				SWIFT_OPTIMIZATION_LEVEL = "-O";
				SWIFT_VERSION = 5.0;
				TARGETED_DEVICE_FAMILY = "1,2";
			};
			name = Release;
		};
		E699EBA42E2ED0570005A499 /* Debug */ = {
			isa = XCBuildConfiguration;
			buildSettings = {
				BUNDLE_LOADER = "$(TEST_HOST)";
				CODE_SIGN_STYLE = Automatic;
				CURRENT_PROJECT_VERSION = 1;
				GENERATE_INFOPLIST_FILE = YES;
				IPHONEOS_DEPLOYMENT_TARGET = 17.6;
				MARKETING_VERSION = 1.0;
				PRODUCT_BUNDLE_IDENTIFIER = com.apollographql.GraphQLConfTests;
				PRODUCT_NAME = "$(TARGET_NAME)";
				SUPPORTED_PLATFORMS = "iphoneos iphonesimulator";
				SUPPORTS_MACCATALYST = NO;
				SUPPORTS_MAC_DESIGNED_FOR_IPHONE_IPAD = NO;
				SUPPORTS_XR_DESIGNED_FOR_IPHONE_IPAD = NO;
				SWIFT_EMIT_LOC_STRINGS = NO;
				SWIFT_VERSION = 5.0;
				TARGETED_DEVICE_FAMILY = "1,2";
				TEST_HOST = "$(BUILT_PRODUCTS_DIR)/GraphQLConf.app/$(BUNDLE_EXECUTABLE_FOLDER_PATH)/GraphQLConf";
			};
			name = Debug;
		};
		E699EBA52E2ED0570005A499 /* Release */ = {
			isa = XCBuildConfiguration;
			buildSettings = {
				BUNDLE_LOADER = "$(TEST_HOST)";
				CODE_SIGN_STYLE = Automatic;
				CURRENT_PROJECT_VERSION = 1;
				GENERATE_INFOPLIST_FILE = YES;
				IPHONEOS_DEPLOYMENT_TARGET = 17.6;
				MARKETING_VERSION = 1.0;
				PRODUCT_BUNDLE_IDENTIFIER = com.apollographql.GraphQLConfTests;
				PRODUCT_NAME = "$(TARGET_NAME)";
				SUPPORTED_PLATFORMS = "iphoneos iphonesimulator";
				SUPPORTS_MACCATALYST = NO;
				SUPPORTS_MAC_DESIGNED_FOR_IPHONE_IPAD = NO;
				SUPPORTS_XR_DESIGNED_FOR_IPHONE_IPAD = NO;
				SWIFT_EMIT_LOC_STRINGS = NO;
				SWIFT_VERSION = 5.0;
				TARGETED_DEVICE_FAMILY = "1,2";
				TEST_HOST = "$(BUILT_PRODUCTS_DIR)/GraphQLConf.app/$(BUNDLE_EXECUTABLE_FOLDER_PATH)/GraphQLConf";
			};
			name = Release;
		};
		E699EBA72E2ED0570005A499 /* Debug */ = {
			isa = XCBuildConfiguration;
			buildSettings = {
				CODE_SIGN_STYLE = Automatic;
				CURRENT_PROJECT_VERSION = 1;
				GENERATE_INFOPLIST_FILE = YES;
				IPHONEOS_DEPLOYMENT_TARGET = 17.6;
				MARKETING_VERSION = 1.0;
				PRODUCT_BUNDLE_IDENTIFIER = com.apollographql.GraphQLConfUITests;
				PRODUCT_NAME = "$(TARGET_NAME)";
				SUPPORTED_PLATFORMS = "iphoneos iphonesimulator";
				SUPPORTS_MACCATALYST = NO;
				SUPPORTS_MAC_DESIGNED_FOR_IPHONE_IPAD = NO;
				SUPPORTS_XR_DESIGNED_FOR_IPHONE_IPAD = NO;
				SWIFT_EMIT_LOC_STRINGS = NO;
				SWIFT_VERSION = 5.0;
				TARGETED_DEVICE_FAMILY = "1,2";
				TEST_TARGET_NAME = GraphQLConf;
			};
			name = Debug;
		};
		E699EBA82E2ED0570005A499 /* Release */ = {
			isa = XCBuildConfiguration;
			buildSettings = {
				CODE_SIGN_STYLE = Automatic;
				CURRENT_PROJECT_VERSION = 1;
				GENERATE_INFOPLIST_FILE = YES;
				IPHONEOS_DEPLOYMENT_TARGET = 17.6;
				MARKETING_VERSION = 1.0;
				PRODUCT_BUNDLE_IDENTIFIER = com.apollographql.GraphQLConfUITests;
				PRODUCT_NAME = "$(TARGET_NAME)";
				SUPPORTED_PLATFORMS = "iphoneos iphonesimulator";
				SUPPORTS_MACCATALYST = NO;
				SUPPORTS_MAC_DESIGNED_FOR_IPHONE_IPAD = NO;
				SUPPORTS_XR_DESIGNED_FOR_IPHONE_IPAD = NO;
				SWIFT_EMIT_LOC_STRINGS = NO;
				SWIFT_VERSION = 5.0;
				TARGETED_DEVICE_FAMILY = "1,2";
				TEST_TARGET_NAME = GraphQLConf;
			};
			name = Release;
		};
/* End XCBuildConfiguration section */

/* Begin XCConfigurationList section */
		E699EB7A2E2ED0550005A499 /* Build configuration list for PBXProject "GraphQLConf" */ = {
			isa = XCConfigurationList;
			buildConfigurations = (
				E699EB9E2E2ED0570005A499 /* Debug */,
				E699EB9F2E2ED0570005A499 /* Release */,
			);
			defaultConfigurationIsVisible = 0;
			defaultConfigurationName = Release;
		};
		E699EBA02E2ED0570005A499 /* Build configuration list for PBXNativeTarget "GraphQLConf" */ = {
			isa = XCConfigurationList;
			buildConfigurations = (
				E699EBA12E2ED0570005A499 /* Debug */,
				E699EBA22E2ED0570005A499 /* Release */,
			);
			defaultConfigurationIsVisible = 0;
			defaultConfigurationName = Release;
		};
		E699EBA32E2ED0570005A499 /* Build configuration list for PBXNativeTarget "GraphQLConfTests" */ = {
			isa = XCConfigurationList;
			buildConfigurations = (
				E699EBA42E2ED0570005A499 /* Debug */,
				E699EBA52E2ED0570005A499 /* Release */,
			);
			defaultConfigurationIsVisible = 0;
			defaultConfigurationName = Release;
		};
		E699EBA62E2ED0570005A499 /* Build configuration list for PBXNativeTarget "GraphQLConfUITests" */ = {
			isa = XCConfigurationList;
			buildConfigurations = (
				E699EBA72E2ED0570005A499 /* Debug */,
				E699EBA82E2ED0570005A499 /* Release */,
			);
			defaultConfigurationIsVisible = 0;
			defaultConfigurationName = Release;
		};
/* End XCConfigurationList section */

/* Begin XCLocalSwiftPackageReference section */
		E62738DD2E3846110050A3A8 /* XCLocalSwiftPackageReference "ConnectorAPI" */ = {
			isa = XCLocalSwiftPackageReference;
			relativePath = ConnectorAPI;
		};
/* End XCLocalSwiftPackageReference section */

/* Begin XCRemoteSwiftPackageReference section */
		E699EBA92E2ED5D60005A499 /* XCRemoteSwiftPackageReference "apollo-ios" */ = {
			isa = XCRemoteSwiftPackageReference;
			repositoryURL = "https://github.com/apollographql/apollo-ios/";
			requirement = {
				branch = "2.0.0-alpha-1";
				kind = branch;
			};
		};
/* End XCRemoteSwiftPackageReference section */

/* Begin XCSwiftPackageProductDependency section */
		E62738DE2E3846110050A3A8 /* ConnectorAPI */ = {
			isa = XCSwiftPackageProductDependency;
			productName = ConnectorAPI;
		};
		E699EBAA2E2ED5D60005A499 /* Apollo */ = {
			isa = XCSwiftPackageProductDependency;
			package = E699EBA92E2ED5D60005A499 /* XCRemoteSwiftPackageReference "apollo-ios" */;
			productName = Apollo;
		};
		E699EBAC2E2ED5D60005A499 /* ApolloSQLite */ = {
			isa = XCSwiftPackageProductDependency;
			package = E699EBA92E2ED5D60005A499 /* XCRemoteSwiftPackageReference "apollo-ios" */;
			productName = ApolloSQLite;
		};
		E699EBAE2E2ED5D60005A499 /* ApolloTestSupport */ = {
			isa = XCSwiftPackageProductDependency;
			package = E699EBA92E2ED5D60005A499 /* XCRemoteSwiftPackageReference "apollo-ios" */;
			productName = ApolloTestSupport;
		};
/* End XCSwiftPackageProductDependency section */
	};
	rootObject = E699EB772E2ED0550005A499 /* Project object */;
}
