{
  "originHash" : "3faf644c3edaae62b148f38a34615791f63bbb7106454c144d96b01433bf873e",
  "pins" : [
    {
      "identity" : "apollo-ios",
      "kind" : "remoteSourceControl",
      "location" : "https://github.com/apollographql/apollo-ios",
      "state" : {
        "revision" : "fe14c216aaea3d25274343e80ccb3015fc3fb0b0",
        "version" : "2.4.0"
      }
    }
  ],
  "version" : 3
}
