{
  "originHash" : "3faf644c3edaae62b148f38a34615791f63bbb7106454c144d96b01433bf873e",
  "pins" : [
    {
      "identity" : "apollo-ios",
      "kind" : "remoteSourceControl",
      "location" : "https://github.com/apollographql/apollo-ios",
      "state" : {
        "revision" : "38c202227d0f09508e573dcf22f54885cfb0c5d4",
        "version" : "2.1.2"
      }
    }
  ],
  "version" : 3
}
